<Solution>
  <Folder Name="/Workers/">
    <Project Path="src/Workers/SeniorCare.Etl.Worker/SeniorCare.Etl.Worker.csproj" />
  </Folder>
  <Folder Name="/api/">
    <Project Path="api/SeniorCare.Api.csproj" />
  </Folder>
  <Folder Name="/Mobile/">
    <Project Path="src/Mobile/SeniorCare.Mobile/SeniorCare.Mobile.csproj" />
  </Folder>
</Solution>

